
Microsoft Visual Studio Solution File, Format Version 12.00
# Visual Studio 15
VisualStudioVersion = 15.0.28307.489
MinimumVisualStudioVersion = 10.0.40219.1
Project("{FAE04EC0-301F-11D3-BF4B-00C04F79EFBC}") = "Semaforo", "Semaforo\Semaforo.csproj", "{BA5CDF63-076A-40CD-8251-ADF11DF7F63D}"
EndProject
Global
	GlobalSection(SolutionConfigurationPlatforms) = preSolution
		Debug|Any CPU = Debug|Any CPU
		Release|Any CPU = Release|Any CPU
	EndGlobalSection
	GlobalSection(ProjectConfigurationPlatforms) = postSolution
		{BA5CDF63-076A-40CD-8251-ADF11DF7F63D}.Debug|Any CPU.ActiveCfg = Debug|Any CPU
		{BA5CDF63-076A-40CD-8251-ADF11DF7F63D}.Debug|Any CPU.Build.0 = Debug|Any CPU
		{BA5CDF63-076A-40CD-8251-ADF11DF7F63D}.Release|Any CPU.ActiveCfg = Release|Any CPU
		{BA5CDF63-076A-40CD-8251-ADF11DF7F63D}.Release|Any CPU.Build.0 = Release|Any CPU
	EndGlobalSection
	GlobalSection(SolutionProperties) = preSolution
		HideSolutionNode = FALSE
	EndGlobalSection
	GlobalSection(ExtensibilityGlobals) = postSolution
		SolutionGuid = {BD7990B5-A3EA-48D0-A6D7-A75183202ACD}
	EndGlobalSection
EndGlobal
